// !$*UTF8*$!
{
	archiveVersion = 1;
	classes = {
	};
	objectVersion = 56;
	objects = {

/* Begin PBXBuildFile section */
		878B66A92A3C9024004551D2 /* AppDelegate.swift in Sources */ = {isa = PBXBuildFile; fileRef = 878B66A82A3C9024004551D2 /* AppDelegate.swift */; };
		878B66AB2A3C9024004551D2 /* SceneDelegate.swift in Sources */ = {isa = PBXBuildFile; fileRef = 878B66AA2A3C9024004551D2 /* SceneDelegate.swift */; };
		878B66B02A3C9024004551D2 /* Main.storyboard in Resources */ = {isa = PBXBuildFile; fileRef = 878B66AE2A3C9024004551D2 /* Main.storyboard */; };
		878B66B32A3C9024004551D2 /* EmployeeList.xcdatamodeld in Sources */ = {isa = PBXBuildFile; fileRef = 878B66B12A3C9024004551D2 /* EmployeeList.xcdatamodeld */; };
		878B66B52A3C9026004551D2 /* Assets.xcassets in Resources */ = {isa = PBXBuildFile; fileRef = 878B66B42A3C9026004551D2 /* Assets.xcassets */; };
		878B66B82A3C9026004551D2 /* LaunchScreen.storyboard in Resources */ = {isa = PBXBuildFile; fileRef = 878B66B62A3C9026004551D2 /* LaunchScreen.storyboard */; };
		878B66C12A3C90CC004551D2 /* CoreDataManager.swift in Sources */ = {isa = PBXBuildFile; fileRef = 878B66C02A3C90CC004551D2 /* CoreDataManager.swift */; };
		878B66CA2A3CAD92004551D2 /* Department.swift in Sources */ = {isa = PBXBuildFile; fileRef = 878B66C92A3CAD92004551D2 /* Department.swift */; };
		878B66CC2A3CB0B3004551D2 /* EmloyeeListPresenter.swift in Sources */ = {isa = PBXBuildFile; fileRef = 878B66CB2A3CB0B3004551D2 /* EmloyeeListPresenter.swift */; };
		878B66CF2A3CC286004551D2 /* EmployeeListViewController.swift in Sources */ = {isa = PBXBuildFile; fileRef = 878B66CE2A3CC286004551D2 /* EmployeeListViewController.swift */; };
		878B66D22A3CC3FE004551D2 /* ModuleBuilder.swift in Sources */ = {isa = PBXBuildFile; fileRef = 878B66D12A3CC3FE004551D2 /* ModuleBuilder.swift */; };
		878B66D72A3DE24F004551D2 /* AddEmployeePresenter.swift in Sources */ = {isa = PBXBuildFile; fileRef = 878B66D62A3DE24F004551D2 /* AddEmployeePresenter.swift */; };
		878B66DA2A3DE6F1004551D2 /* AddEmployeeViewController.swift in Sources */ = {isa = PBXBuildFile; fileRef = 878B66D92A3DE6F1004551D2 /* AddEmployeeViewController.swift */; };
		878B66DE2A3DEED4004551D2 /* Constants.swift in Sources */ = {isa = PBXBuildFile; fileRef = 878B66DD2A3DEED4004551D2 /* Constants.swift */; };
		878B66E02A3E0158004551D2 /* AddEmployeeViewController+LayoutConstraints.swift in Sources */ = {isa = PBXBuildFile; fileRef = 878B66DF2A3E0158004551D2 /* AddEmployeeViewController+LayoutConstraints.swift */; };
		878B66E32A3E0652004551D2 /* PickerView.swift in Sources */ = {isa = PBXBuildFile; fileRef = 878B66E22A3E0652004551D2 /* PickerView.swift */; };
		878B66E52A3E0ED8004551D2 /* AddEmployeeViewController+PickerViewDataSource.swift in Sources */ = {isa = PBXBuildFile; fileRef = 878B66E42A3E0ED8004551D2 /* AddEmployeeViewController+PickerViewDataSource.swift */; };
		878F3EA02A4476E4001643DC /* EmployeeListViewController + UISearchBarDelegate.swift in Sources */ = {isa = PBXBuildFile; fileRef = 878F3E9F2A4476E3001643DC /* EmployeeListViewController + UISearchBarDelegate.swift */; };
		878F3EA52A448403001643DC /* EmployeeListViewController + UITableViewDataSource.swift in Sources */ = {isa = PBXBuildFile; fileRef = 878F3EA42A448403001643DC /* EmployeeListViewController + UITableViewDataSource.swift */; };
		878F3EA72A44844D001643DC /* EmployeeListViewController + UITableViewDelegate.swift in Sources */ = {isa = PBXBuildFile; fileRef = 878F3EA62A44844D001643DC /* EmployeeListViewController + UITableViewDelegate.swift */; };
		878F3EAB2A45A949001643DC /* EmployeeProfileViewController.swift in Sources */ = {isa = PBXBuildFile; fileRef = 878F3EAA2A45A949001643DC /* EmployeeProfileViewController.swift */; };
		878F3EAE2A45A96B001643DC /* EmployeeProfilePresenter.swift in Sources */ = {isa = PBXBuildFile; fileRef = 878F3EAD2A45A96B001643DC /* EmployeeProfilePresenter.swift */; };
/* End PBXBuildFile section */

/* Begin PBXFileReference section */
		878B66A52A3C9024004551D2 /* EmployeeList.app */ = {isa = PBXFileReference; explicitFileType = wrapper.application; includeInIndex = 0; path = EmployeeList.app; sourceTree = BUILT_PRODUCTS_DIR; };
		878B66A82A3C9024004551D2 /* AppDelegate.swift */ = {isa = PBXFileReference; lastKnownFileType = sourcecode.swift; path = AppDelegate.swift; sourceTree = "<group>"; };
		878B66AA2A3C9024004551D2 /* SceneDelegate.swift */ = {isa = PBXFileReference; lastKnownFileType = sourcecode.swift; path = SceneDelegate.swift; sourceTree = "<group>"; };
		878B66AF2A3C9024004551D2 /* Base */ = {isa = PBXFileReference; lastKnownFileType = file.storyboard; name = Base; path = Base.lproj/Main.storyboard; sourceTree = "<group>"; };
		878B66B22A3C9024004551D2 /* EmployeeList.xcdatamodel */ = {isa = PBXFileReference; lastKnownFileType = wrapper.xcdatamodel; path = EmployeeList.xcdatamodel; sourceTree = "<group>"; };
		878B66B42A3C9026004551D2 /* Assets.xcassets */ = {isa = PBXFileReference; lastKnownFileType = folder.assetcatalog; path = Assets.xcassets; sourceTree = "<group>"; };
		878B66B72A3C9026004551D2 /* Base */ = {isa = PBXFileReference; lastKnownFileType = file.storyboard; name = Base; path = Base.lproj/LaunchScreen.storyboard; sourceTree = "<group>"; };
		878B66B92A3C9026004551D2 /* Info.plist */ = {isa = PBXFileReference; lastKnownFileType = text.plist.xml; path = Info.plist; sourceTree = "<group>"; };
		878B66C02A3C90CC004551D2 /* CoreDataManager.swift */ = {isa = PBXFileReference; lastKnownFileType = sourcecode.swift; path = CoreDataManager.swift; sourceTree = "<group>"; };
		878B66C92A3CAD92004551D2 /* Department.swift */ = {isa = PBXFileReference; lastKnownFileType = sourcecode.swift; path = Department.swift; sourceTree = "<group>"; };
		878B66CB2A3CB0B3004551D2 /* EmloyeeListPresenter.swift */ = {isa = PBXFileReference; lastKnownFileType = sourcecode.swift; path = EmloyeeListPresenter.swift; sourceTree = "<group>"; };
		878B66CE2A3CC286004551D2 /* EmployeeListViewController.swift */ = {isa = PBXFileReference; lastKnownFileType = sourcecode.swift; path = EmployeeListViewController.swift; sourceTree = "<group>"; };
		878B66D12A3CC3FE004551D2 /* ModuleBuilder.swift */ = {isa = PBXFileReference; lastKnownFileType = sourcecode.swift; path = ModuleBuilder.swift; sourceTree = "<group>"; };
		878B66D62A3DE24F004551D2 /* AddEmployeePresenter.swift */ = {isa = PBXFileReference; lastKnownFileType = sourcecode.swift; path = AddEmployeePresenter.swift; sourceTree = "<group>"; };
		878B66D92A3DE6F1004551D2 /* AddEmployeeViewController.swift */ = {isa = PBXFileReference; lastKnownFileType = sourcecode.swift; path = AddEmployeeViewController.swift; sourceTree = "<group>"; };
		878B66DD2A3DEED4004551D2 /* Constants.swift */ = {isa = PBXFileReference; lastKnownFileType = sourcecode.swift; path = Constants.swift; sourceTree = "<group>"; };
		878B66DF2A3E0158004551D2 /* AddEmployeeViewController+LayoutConstraints.swift */ = {isa = PBXFileReference; lastKnownFileType = sourcecode.swift; path = "AddEmployeeViewController+LayoutConstraints.swift"; sourceTree = "<group>"; };
		878B66E22A3E0652004551D2 /* PickerView.swift */ = {isa = PBXFileReference; lastKnownFileType = sourcecode.swift; path = PickerView.swift; sourceTree = "<group>"; };
		878B66E42A3E0ED8004551D2 /* AddEmployeeViewController+PickerViewDataSource.swift */ = {isa = PBXFileReference; lastKnownFileType = sourcecode.swift; path = "AddEmployeeViewController+PickerViewDataSource.swift"; sourceTree = "<group>"; };
		878F3E9F2A4476E3001643DC /* EmployeeListViewController + UISearchBarDelegate.swift */ = {isa = PBXFileReference; lastKnownFileType = sourcecode.swift; path = "EmployeeListViewController + UISearchBarDelegate.swift"; sourceTree = "<group>"; };
		878F3EA42A448403001643DC /* EmployeeListViewController + UITableViewDataSource.swift */ = {isa = PBXFileReference; lastKnownFileType = sourcecode.swift; path = "EmployeeListViewController + UITableViewDataSource.swift"; sourceTree = "<group>"; };
		878F3EA62A44844D001643DC /* EmployeeListViewController + UITableViewDelegate.swift */ = {isa = PBXFileReference; lastKnownFileType = sourcecode.swift; path = "EmployeeListViewController + UITableViewDelegate.swift"; sourceTree = "<group>"; };
		878F3EAA2A45A949001643DC /* EmployeeProfileViewController.swift */ = {isa = PBXFileReference; lastKnownFileType = sourcecode.swift; path = EmployeeProfileViewController.swift; sourceTree = "<group>"; };
		878F3EAD2A45A96B001643DC /* EmployeeProfilePresenter.swift */ = {isa = PBXFileReference; lastKnownFileType = sourcecode.swift; path = EmployeeProfilePresenter.swift; sourceTree = "<group>"; };
/* End PBXFileReference section */

/* Begin PBXFrameworksBuildPhase section */
		878B66A22A3C9023004551D2 /* Frameworks */ = {
			isa = PBXFrameworksBuildPhase;
			buildActionMask = 2147483647;
			files = (
			);
			runOnlyForDeploymentPostprocessing = 0;
		};
/* End PBXFrameworksBuildPhase section */

/* Begin PBXGroup section */
		878B669C2A3C9023004551D2 = {
			isa = PBXGroup;
			children = (
				878B66A72A3C9024004551D2 /* EmployeeList */,
				878B66A62A3C9024004551D2 /* Products */,
			);
			sourceTree = "<group>";
		};
		878B66A62A3C9024004551D2 /* Products */ = {
			isa = PBXGroup;
			children = (
				878B66A52A3C9024004551D2 /* EmployeeList.app */,
			);
			name = Products;
			sourceTree = "<group>";
		};
		878B66A72A3C9024004551D2 /* EmployeeList */ = {
			isa = PBXGroup;
			children = (
				878B66A82A3C9024004551D2 /* AppDelegate.swift */,
				878B66AA2A3C9024004551D2 /* SceneDelegate.swift */,
				878B66C92A3CAD92004551D2 /* Department.swift */,
				878B66D12A3CC3FE004551D2 /* ModuleBuilder.swift */,
				878B66DD2A3DEED4004551D2 /* Constants.swift */,
				878F3EB02A45A97E001643DC /* EmployeeProfileModule */,
				878B66D32A3DE0C9004551D2 /* EmloyeeListModule */,
				878B66DC2A3DE70C004551D2 /* AddEmployeeModule */,
				878B66BF2A3C904E004551D2 /* ServiceLayer */,
				878B66AE2A3C9024004551D2 /* Main.storyboard */,
				878B66B42A3C9026004551D2 /* Assets.xcassets */,
				878B66B62A3C9026004551D2 /* LaunchScreen.storyboard */,
				878B66B92A3C9026004551D2 /* Info.plist */,
			);
			path = EmployeeList;
			sourceTree = "<group>";
		};
		878B66BF2A3C904E004551D2 /* ServiceLayer */ = {
			isa = PBXGroup;
			children = (
				878B66C02A3C90CC004551D2 /* CoreDataManager.swift */,
			);
			path = ServiceLayer;
			sourceTree = "<group>";
		};
		878B66CD2A3CB0D4004551D2 /* Presenter */ = {
			isa = PBXGroup;
			children = (
				878B66CB2A3CB0B3004551D2 /* EmloyeeListPresenter.swift */,
			);
			path = Presenter;
			sourceTree = "<group>";
		};
		878B66D02A3CC289004551D2 /* View */ = {
			isa = PBXGroup;
			children = (
				878B66CE2A3CC286004551D2 /* EmployeeListViewController.swift */,
				878F3EA12A4476E8001643DC /* Extensions */,
			);
			path = View;
			sourceTree = "<group>";
		};
		878B66D32A3DE0C9004551D2 /* EmloyeeListModule */ = {
			isa = PBXGroup;
			children = (
				878F3EA92A45A648001643DC /* Model */,
				878B66D02A3CC289004551D2 /* View */,
				878B66CD2A3CB0D4004551D2 /* Presenter */,
			);
			path = EmloyeeListModule;
			sourceTree = "<group>";
		};
		878B66D82A3DE6CB004551D2 /* Presenter */ = {
			isa = PBXGroup;
			children = (
				878B66D62A3DE24F004551D2 /* AddEmployeePresenter.swift */,
			);
			path = Presenter;
			sourceTree = "<group>";
		};
		878B66DB2A3DE6F6004551D2 /* View */ = {
			isa = PBXGroup;
			children = (
				878B66D92A3DE6F1004551D2 /* AddEmployeeViewController.swift */,
				878B66E22A3E0652004551D2 /* PickerView.swift */,
				878B66E12A3E0188004551D2 /* Extensions */,
			);
			path = View;
			sourceTree = "<group>";
		};
		878B66DC2A3DE70C004551D2 /* AddEmployeeModule */ = {
			isa = PBXGroup;
			children = (
				878B66DB2A3DE6F6004551D2 /* View */,
				878B66D82A3DE6CB004551D2 /* Presenter */,
			);
			path = AddEmployeeModule;
			sourceTree = "<group>";
		};
		878B66E12A3E0188004551D2 /* Extensions */ = {
			isa = PBXGroup;
			children = (
				878B66DF2A3E0158004551D2 /* AddEmployeeViewController+LayoutConstraints.swift */,
				878B66E42A3E0ED8004551D2 /* AddEmployeeViewController+PickerViewDataSource.swift */,
			);
			path = Extensions;
			sourceTree = "<group>";
		};
		878F3EA12A4476E8001643DC /* Extensions */ = {
			isa = PBXGroup;
			children = (
				878F3E9F2A4476E3001643DC /* EmployeeListViewController + UISearchBarDelegate.swift */,
				878F3EA42A448403001643DC /* EmployeeListViewController + UITableViewDataSource.swift */,
				878F3EA62A44844D001643DC /* EmployeeListViewController + UITableViewDelegate.swift */,
			);
			path = Extensions;
			sourceTree = "<group>";
		};
		878F3EA92A45A648001643DC /* Model */ = {
			isa = PBXGroup;
			children = (
				878B66B12A3C9024004551D2 /* EmployeeList.xcdatamodeld */,
			);
			path = Model;
			sourceTree = "<group>";
		};
		878F3EAC2A45A94D001643DC /* View */ = {
			isa = PBXGroup;
			children = (
				878F3EAA2A45A949001643DC /* EmployeeProfileViewController.swift */,
			);
			path = View;
			sourceTree = "<group>";
		};
		878F3EAF2A45A970001643DC /* Presenter */ = {
			isa = PBXGroup;
			children = (
				878F3EAD2A45A96B001643DC /* EmployeeProfilePresenter.swift */,
			);
			path = Presenter;
			sourceTree = "<group>";
		};
		878F3EB02A45A97E001643DC /* EmployeeProfileModule */ = {
			isa = PBXGroup;
			children = (
				878F3EAF2A45A970001643DC /* Presenter */,
				878F3EAC2A45A94D001643DC /* View */,
			);
			path = EmployeeProfileModule;
			sourceTree = "<group>";
		};
/* End PBXGroup section */

/* Begin PBXNativeTarget section */
		878B66A42A3C9023004551D2 /* EmployeeList */ = {
			isa = PBXNativeTarget;
			buildConfigurationList = 878B66BC2A3C9026004551D2 /* Build configuration list for PBXNativeTarget "EmployeeList" */;
			buildPhases = (
				878B66A12A3C9023004551D2 /* Sources */,
				878B66A22A3C9023004551D2 /* Frameworks */,
				878B66A32A3C9023004551D2 /* Resources */,
			);
			buildRules = (
			);
			dependencies = (
			);
			name = EmployeeList;
			productName = EmployeeList;
			productReference = 878B66A52A3C9024004551D2 /* EmployeeList.app */;
			productType = "com.apple.product-type.application";
		};
/* End PBXNativeTarget section */

/* Begin PBXProject section */
		878B669D2A3C9023004551D2 /* Project object */ = {
			isa = PBXProject;
			attributes = {
				BuildIndependentTargetsInParallel = 1;
				LastSwiftUpdateCheck = 1420;
				LastUpgradeCheck = 1420;
				TargetAttributes = {
					878B66A42A3C9023004551D2 = {
						CreatedOnToolsVersion = 14.2;
					};
				};
			};
			buildConfigurationList = 878B66A02A3C9023004551D2 /* Build configuration list for PBXProject "EmployeeList" */;
			compatibilityVersion = "Xcode 14.0";
			developmentRegion = en;
			hasScannedForEncodings = 0;
			knownRegions = (
				en,
				Base,
			);
			mainGroup = 878B669C2A3C9023004551D2;
			productRefGroup = 878B66A62A3C9024004551D2 /* Products */;
			projectDirPath = "";
			projectRoot = "";
			targets = (
				878B66A42A3C9023004551D2 /* EmployeeList */,
			);
		};
/* End PBXProject section */

/* Begin PBXResourcesBuildPhase section */
		878B66A32A3C9023004551D2 /* Resources */ = {
			isa = PBXResourcesBuildPhase;
			buildActionMask = 2147483647;
			files = (
				878B66B82A3C9026004551D2 /* LaunchScreen.storyboard in Resources */,
				878B66B52A3C9026004551D2 /* Assets.xcassets in Resources */,
				878B66B02A3C9024004551D2 /* Main.storyboard in Resources */,
			);
			runOnlyForDeploymentPostprocessing = 0;
		};
/* End PBXResourcesBuildPhase section */

/* Begin PBXSourcesBuildPhase section */
		878B66A12A3C9023004551D2 /* Sources */ = {
			isa = PBXSourcesBuildPhase;
			buildActionMask = 2147483647;
			files = (
				878B66B32A3C9024004551D2 /* EmployeeList.xcdatamodeld in Sources */,
				878B66DE2A3DEED4004551D2 /* Constants.swift in Sources */,
				878B66A92A3C9024004551D2 /* AppDelegate.swift in Sources */,
				878B66C12A3C90CC004551D2 /* CoreDataManager.swift in Sources */,
				878F3EA02A4476E4001643DC /* EmployeeListViewController + UISearchBarDelegate.swift in Sources */,
				878F3EA52A448403001643DC /* EmployeeListViewController + UITableViewDataSource.swift in Sources */,
				878F3EAB2A45A949001643DC /* EmployeeProfileViewController.swift in Sources */,
				878B66D22A3CC3FE004551D2 /* ModuleBuilder.swift in Sources */,
				878B66E02A3E0158004551D2 /* AddEmployeeViewController+LayoutConstraints.swift in Sources */,
				878B66DA2A3DE6F1004551D2 /* AddEmployeeViewController.swift in Sources */,
				878B66CC2A3CB0B3004551D2 /* EmloyeeListPresenter.swift in Sources */,
				878B66E52A3E0ED8004551D2 /* AddEmployeeViewController+PickerViewDataSource.swift in Sources */,
				878B66CF2A3CC286004551D2 /* EmployeeListViewController.swift in Sources */,
				878B66CA2A3CAD92004551D2 /* Department.swift in Sources */,
				878F3EAE2A45A96B001643DC /* EmployeeProfilePresenter.swift in Sources */,
				878B66D72A3DE24F004551D2 /* AddEmployeePresenter.swift in Sources */,
				878F3EA72A44844D001643DC /* EmployeeListViewController + UITableViewDelegate.swift in Sources */,
				878B66AB2A3C9024004551D2 /* SceneDelegate.swift in Sources */,
				878B66E32A3E0652004551D2 /* PickerView.swift in Sources */,
			);
			runOnlyForDeploymentPostprocessing = 0;
		};
/* End PBXSourcesBuildPhase section */

/* Begin PBXVariantGroup section */
		878B66AE2A3C9024004551D2 /* Main.storyboard */ = {
			isa = PBXVariantGroup;
			children = (
				878B66AF2A3C9024004551D2 /* Base */,
			);
			name = Main.storyboard;
			sourceTree = "<group>";
		};
		878B66B62A3C9026004551D2 /* LaunchScreen.storyboard */ = {
			isa = PBXVariantGroup;
			children = (
				878B66B72A3C9026004551D2 /* Base */,
			);
			name = LaunchScreen.storyboard;
			sourceTree = "<group>";
		};
/* End PBXVariantGroup section */

/* Begin XCBuildConfiguration section */
		878B66BA2A3C9026004551D2 /* Debug */ = {
			isa = XCBuildConfiguration;
			buildSettings = {
				ALWAYS_SEARCH_USER_PATHS = NO;
				CLANG_ANALYZER_NONNULL = YES;
				CLANG_ANALYZER_NUMBER_OBJECT_CONVERSION = YES_AGGRESSIVE;
				CLANG_CXX_LANGUAGE_STANDARD = "gnu++20";
				CLANG_ENABLE_MODULES = YES;
				CLANG_ENABLE_OBJC_ARC = YES;
				CLANG_ENABLE_OBJC_WEAK = YES;
				CLANG_WARN_BLOCK_CAPTURE_AUTORELEASING = YES;
				CLANG_WARN_BOOL_CONVERSION = YES;
				CLANG_WARN_COMMA = YES;
				CLANG_WARN_CONSTANT_CONVERSION = YES;
				CLANG_WARN_DEPRECATED_OBJC_IMPLEMENTATIONS = YES;
				CLANG_WARN_DIRECT_OBJC_ISA_USAGE = YES_ERROR;
				CLANG_WARN_DOCUMENTATION_COMMENTS = YES;
				CLANG_WARN_EMPTY_BODY = YES;
				CLANG_WARN_ENUM_CONVERSION = YES;
				CLANG_WARN_INFINITE_RECURSION = YES;
				CLANG_WARN_INT_CONVERSION = YES;
				CLANG_WARN_NON_LITERAL_NULL_CONVERSION = YES;
				CLANG_WARN_OBJC_IMPLICIT_RETAIN_SELF = YES;
				CLANG_WARN_OBJC_LITERAL_CONVERSION = YES;
				CLANG_WARN_OBJC_ROOT_CLASS = YES_ERROR;
				CLANG_WARN_QUOTED_INCLUDE_IN_FRAMEWORK_HEADER = YES;
				CLANG_WARN_RANGE_LOOP_ANALYSIS = YES;
				CLANG_WARN_STRICT_PROTOTYPES = YES;
				CLANG_WARN_SUSPICIOUS_MOVE = YES;
				CLANG_WARN_UNGUARDED_AVAILABILITY = YES_AGGRESSIVE;
				CLANG_WARN_UNREACHABLE_CODE = YES;
				CLANG_WARN__DUPLICATE_METHOD_MATCH = YES;
				COPY_PHASE_STRIP = NO;
				DEBUG_INFORMATION_FORMAT = dwarf;
				ENABLE_STRICT_OBJC_MSGSEND = YES;
				ENABLE_TESTABILITY = YES;
				GCC_C_LANGUAGE_STANDARD = gnu11;
				GCC_DYNAMIC_NO_PIC = NO;
				GCC_NO_COMMON_BLOCKS = YES;
				GCC_OPTIMIZATION_LEVEL = 0;
				GCC_PREPROCESSOR_DEFINITIONS = (
					"DEBUG=1",
					"$(inherited)",
				);
				GCC_WARN_64_TO_32_BIT_CONVERSION = YES;
				GCC_WARN_ABOUT_RETURN_TYPE = YES_ERROR;
				GCC_WARN_UNDECLARED_SELECTOR = YES;
				GCC_WARN_UNINITIALIZED_AUTOS = YES_AGGRESSIVE;
				GCC_WARN_UNUSED_FUNCTION = YES;
				GCC_WARN_UNUSED_VARIABLE = YES;
				IPHONEOS_DEPLOYMENT_TARGET = 16.2;
				MTL_ENABLE_DEBUG_INFO = INCLUDE_SOURCE;
				MTL_FAST_MATH = YES;
				ONLY_ACTIVE_ARCH = YES;
				SDKROOT = iphoneos;
				SWIFT_ACTIVE_COMPILATION_CONDITIONS = DEBUG;
				SWIFT_OPTIMIZATION_LEVEL = "-Onone";
			};
			name = Debug;
		};
		878B66BB2A3C9026004551D2 /* Release */ = {
			isa = XCBuildConfiguration;
			buildSettings = {
				ALWAYS_SEARCH_USER_PATHS = NO;
				CLANG_ANALYZER_NONNULL = YES;
				CLANG_ANALYZER_NUMBER_OBJECT_CONVERSION = YES_AGGRESSIVE;
				CLANG_CXX_LANGUAGE_STANDARD = "gnu++20";
				CLANG_ENABLE_MODULES = YES;
				CLANG_ENABLE_OBJC_ARC = YES;
				CLANG_ENABLE_OBJC_WEAK = YES;
				CLANG_WARN_BLOCK_CAPTURE_AUTORELEASING = YES;
				CLANG_WARN_BOOL_CONVERSION = YES;
				CLANG_WARN_COMMA = YES;
				CLANG_WARN_CONSTANT_CONVERSION = YES;
				CLANG_WARN_DEPRECATED_OBJC_IMPLEMENTATIONS = YES;
				CLANG_WARN_DIRECT_OBJC_ISA_USAGE = YES_ERROR;
				CLANG_WARN_DOCUMENTATION_COMMENTS = YES;
				CLANG_WARN_EMPTY_BODY = YES;
				CLANG_WARN_ENUM_CONVERSION = YES;
				CLANG_WARN_INFINITE_RECURSION = YES;
				CLANG_WARN_INT_CONVERSION = YES;
				CLANG_WARN_NON_LITERAL_NULL_CONVERSION = YES;
				CLANG_WARN_OBJC_IMPLICIT_RETAIN_SELF = YES;
				CLANG_WARN_OBJC_LITERAL_CONVERSION = YES;
				CLANG_WARN_OBJC_ROOT_CLASS = YES_ERROR;
				CLANG_WARN_QUOTED_INCLUDE_IN_FRAMEWORK_HEADER = YES;
				CLANG_WARN_RANGE_LOOP_ANALYSIS = YES;
				CLANG_WARN_STRICT_PROTOTYPES = YES;
				CLANG_WARN_SUSPICIOUS_MOVE = YES;
				CLANG_WARN_UNGUARDED_AVAILABILITY = YES_AGGRESSIVE;
				CLANG_WARN_UNREACHABLE_CODE = YES;
				CLANG_WARN__DUPLICATE_METHOD_MATCH = YES;
				COPY_PHASE_STRIP = NO;
				DEBUG_INFORMATION_FORMAT = "dwarf-with-dsym";
				ENABLE_NS_ASSERTIONS = NO;
				ENABLE_STRICT_OBJC_MSGSEND = YES;
				GCC_C_LANGUAGE_STANDARD = gnu11;
				GCC_NO_COMMON_BLOCKS = YES;
				GCC_WARN_64_TO_32_BIT_CONVERSION = YES;
				GCC_WARN_ABOUT_RETURN_TYPE = YES_ERROR;
				GCC_WARN_UNDECLARED_SELECTOR = YES;
				GCC_WARN_UNINITIALIZED_AUTOS = YES_AGGRESSIVE;
				GCC_WARN_UNUSED_FUNCTION = YES;
				GCC_WARN_UNUSED_VARIABLE = YES;
				IPHONEOS_DEPLOYMENT_TARGET = 16.2;
				MTL_ENABLE_DEBUG_INFO = NO;
				MTL_FAST_MATH = YES;
				SDKROOT = iphoneos;
				SWIFT_COMPILATION_MODE = wholemodule;
				SWIFT_OPTIMIZATION_LEVEL = "-O";
				VALIDATE_PRODUCT = YES;
			};
			name = Release;
		};
		878B66BD2A3C9026004551D2 /* Debug */ = {
			isa = XCBuildConfiguration;
			buildSettings = {
				ASSETCATALOG_COMPILER_APPICON_NAME = AppIcon;
				ASSETCATALOG_COMPILER_GLOBAL_ACCENT_COLOR_NAME = AccentColor;
				CODE_SIGN_STYLE = Automatic;
				CURRENT_PROJECT_VERSION = 1;
				DEVELOPMENT_TEAM = Z349L8W65N;
				GENERATE_INFOPLIST_FILE = YES;
				INFOPLIST_FILE = EmployeeList/Info.plist;
				INFOPLIST_KEY_UIApplicationSupportsIndirectInputEvents = YES;
				INFOPLIST_KEY_UILaunchStoryboardName = LaunchScreen;
				INFOPLIST_KEY_UIMainStoryboardFile = Main;
				INFOPLIST_KEY_UISupportedInterfaceOrientations_iPad = "UIInterfaceOrientationPortrait UIInterfaceOrientationPortraitUpsideDown UIInterfaceOrientationLandscapeLeft UIInterfaceOrientationLandscapeRight";
				INFOPLIST_KEY_UISupportedInterfaceOrientations_iPhone = "UIInterfaceOrientationPortrait UIInterfaceOrientationLandscapeLeft UIInterfaceOrientationLandscapeRight";
				IPHONEOS_DEPLOYMENT_TARGET = 14.0;
				LD_RUNPATH_SEARCH_PATHS = (
					"$(inherited)",
					"@executable_path/Frameworks",
				);
				MARKETING_VERSION = 1.0;
				PRODUCT_BUNDLE_IDENTIFIER = vladyslav.EmployeeList;
				PRODUCT_NAME = "$(TARGET_NAME)";
				SWIFT_EMIT_LOC_STRINGS = YES;
				SWIFT_VERSION = 5.0;
				TARGETED_DEVICE_FAMILY = "1,2";
			};
			name = Debug;
		};
		878B66BE2A3C9026004551D2 /* Release */ = {
			isa = XCBuildConfiguration;
			buildSettings = {
				ASSETCATALOG_COMPILER_APPICON_NAME = AppIcon;
				ASSETCATALOG_COMPILER_GLOBAL_ACCENT_COLOR_NAME = AccentColor;
				CODE_SIGN_STYLE = Automatic;
				CURRENT_PROJECT_VERSION = 1;
				DEVELOPMENT_TEAM = Z349L8W65N;
				GENERATE_INFOPLIST_FILE = YES;
				INFOPLIST_FILE = EmployeeList/Info.plist;
				INFOPLIST_KEY_UIApplicationSupportsIndirectInputEvents = YES;
				INFOPLIST_KEY_UILaunchStoryboardName = LaunchScreen;
				INFOPLIST_KEY_UIMainStoryboardFile = Main;
				INFOPLIST_KEY_UISupportedInterfaceOrientations_iPad = "UIInterfaceOrientationPortrait UIInterfaceOrientationPortraitUpsideDown UIInterfaceOrientationLandscapeLeft UIInterfaceOrientationLandscapeRight";
				INFOPLIST_KEY_UISupportedInterfaceOrientations_iPhone = "UIInterfaceOrientationPortrait UIInterfaceOrientationLandscapeLeft UIInterfaceOrientationLandscapeRight";
				IPHONEOS_DEPLOYMENT_TARGET = 14.0;
				LD_RUNPATH_SEARCH_PATHS = (
					"$(inherited)",
					"@executable_path/Frameworks",
				);
				MARKETING_VERSION = 1.0;
				PRODUCT_BUNDLE_IDENTIFIER = vladyslav.EmployeeList;
				PRODUCT_NAME = "$(TARGET_NAME)";
				SWIFT_EMIT_LOC_STRINGS = YES;
				SWIFT_VERSION = 5.0;
				TARGETED_DEVICE_FAMILY = "1,2";
			};
			name = Release;
		};
/* End XCBuildConfiguration section */

/* Begin XCConfigurationList section */
		878B66A02A3C9023004551D2 /* Build configuration list for PBXProject "EmployeeList" */ = {
			isa = XCConfigurationList;
			buildConfigurations = (
				878B66BA2A3C9026004551D2 /* Debug */,
				878B66BB2A3C9026004551D2 /* Release */,
			);
			defaultConfigurationIsVisible = 0;
			defaultConfigurationName = Release;
		};
		878B66BC2A3C9026004551D2 /* Build configuration list for PBXNativeTarget "EmployeeList" */ = {
			isa = XCConfigurationList;
			buildConfigurations = (
				878B66BD2A3C9026004551D2 /* Debug */,
				878B66BE2A3C9026004551D2 /* Release */,
			);
			defaultConfigurationIsVisible = 0;
			defaultConfigurationName = Release;
		};
/* End XCConfigurationList section */

/* Begin XCVersionGroup section */
		878B66B12A3C9024004551D2 /* EmployeeList.xcdatamodeld */ = {
			isa = XCVersionGroup;
			children = (
				878B66B22A3C9024004551D2 /* EmployeeList.xcdatamodel */,
			);
			currentVersion = 878B66B22A3C9024004551D2 /* EmployeeList.xcdatamodel */;
			path = EmployeeList.xcdatamodeld;
			sourceTree = "<group>";
			versionGroupType = wrapper.xcdatamodel;
		};
/* End XCVersionGroup section */
	};
	rootObject = 878B669D2A3C9023004551D2 /* Project object */;
}
